
Microsoft Visual Studio Solution File, Format Version 12.00
# Visual Studio Version 16
VisualStudioVersion = 16.0.34729.46
MinimumVisualStudioVersion = 10.0.40219.1
Project("{FAE04EC0-301F-11D3-BF4B-00C04F79EFBC}") = "Calculadorabasica", "Calculadorabasica\Calculadorabasica.csproj", "{0DD2DE90-0DD3-4847-B7A2-4323A05D5A76}"
EndProject
Global
	GlobalSection(SolutionConfigurationPlatforms) = preSolution
		Debug|Any CPU = Debug|Any CPU
		Release|Any CPU = Release|Any CPU
	EndGlobalSection
	GlobalSection(ProjectConfigurationPlatforms) = postSolution
		{0DD2DE90-0DD3-4847-B7A2-4323A05D5A76}.Debug|Any CPU.ActiveCfg = Debug|Any CPU
		{0DD2DE90-0DD3-4847-B7A2-4323A05D5A76}.Debug|Any CPU.Build.0 = Debug|Any CPU
		{0DD2DE90-0DD3-4847-B7A2-4323A05D5A76}.Release|Any CPU.ActiveCfg = Release|Any CPU
		{0DD2DE90-0DD3-4847-B7A2-4323A05D5A76}.Release|Any CPU.Build.0 = Release|Any CPU
	EndGlobalSection
	GlobalSection(SolutionProperties) = preSolution
		HideSolutionNode = FALSE
	EndGlobalSection
	GlobalSection(ExtensibilityGlobals) = postSolution
		SolutionGuid = {C075FADF-D190-4445-A70A-CB9FF427EC4D}
	EndGlobalSection
EndGlobal
