
Microsoft Visual Studio Solution File, Format Version 12.00
# Visual Studio Version 16
VisualStudioVersion = 16.0.34729.46
MinimumVisualStudioVersion = 10.0.40219.1
Project("{FAE04EC0-301F-11D3-BF4B-00C04F79EFBC}") = "jogoanimais", "jogoanimais\jogoanimais.csproj", "{B1AD824D-FDB2-417B-BD88-791E44DB834D}"
EndProject
Global
	GlobalSection(SolutionConfigurationPlatforms) = preSolution
		Debug|Any CPU = Debug|Any CPU
		Release|Any CPU = Release|Any CPU
	EndGlobalSection
	GlobalSection(ProjectConfigurationPlatforms) = postSolution
		{B1AD824D-FDB2-417B-BD88-791E44DB834D}.Debug|Any CPU.ActiveCfg = Debug|Any CPU
		{B1AD824D-FDB2-417B-BD88-791E44DB834D}.Debug|Any CPU.Build.0 = Debug|Any CPU
		{B1AD824D-FDB2-417B-BD88-791E44DB834D}.Release|Any CPU.ActiveCfg = Release|Any CPU
		{B1AD824D-FDB2-417B-BD88-791E44DB834D}.Release|Any CPU.Build.0 = Release|Any CPU
	EndGlobalSection
	GlobalSection(SolutionProperties) = preSolution
		HideSolutionNode = FALSE
	EndGlobalSection
	GlobalSection(ExtensibilityGlobals) = postSolution
		SolutionGuid = {AA18DE66-ACC1-40FA-9B05-EAB97CF6D87B}
	EndGlobalSection
EndGlobal
