
Microsoft Visual Studio Solution File, Format Version 12.00
# Visual Studio Version 16
VisualStudioVersion = 16.0.34729.46
MinimumVisualStudioVersion = 10.0.40219.1
Project("{FAE04EC0-301F-11D3-BF4B-00C04F79EFBC}") = "numeropar", "numeropar\numeropar.csproj", "{44798C45-CA5A-4751-8CEC-3B8E046187AE}"
EndProject
Global
	GlobalSection(SolutionConfigurationPlatforms) = preSolution
		Debug|Any CPU = Debug|Any CPU
		Release|Any CPU = Release|Any CPU
	EndGlobalSection
	GlobalSection(ProjectConfigurationPlatforms) = postSolution
		{44798C45-CA5A-4751-8CEC-3B8E046187AE}.Debug|Any CPU.ActiveCfg = Debug|Any CPU
		{44798C45-CA5A-4751-8CEC-3B8E046187AE}.Debug|Any CPU.Build.0 = Debug|Any CPU
		{44798C45-CA5A-4751-8CEC-3B8E046187AE}.Release|Any CPU.ActiveCfg = Release|Any CPU
		{44798C45-CA5A-4751-8CEC-3B8E046187AE}.Release|Any CPU.Build.0 = Release|Any CPU
	EndGlobalSection
	GlobalSection(SolutionProperties) = preSolution
		HideSolutionNode = FALSE
	EndGlobalSection
	GlobalSection(ExtensibilityGlobals) = postSolution
		SolutionGuid = {54E589F9-E355-4FFD-97BF-B5360929E7DC}
	EndGlobalSection
EndGlobal
